
Microsoft Visual Studio Solution File, Format Version 12.00
# Visual Studio Version 17
VisualStudioVersion = 17.9.34622.214
MinimumVisualStudioVersion = 10.0.40219.1
Project("{2150E333-8FDC-42A3-9474-1A3956D46DE8}") = "FrontEnd", "FrontEnd", "{411C7943-AE5D-4A78-93B9-FD7BD9E7F4D2}"
EndProject
Project("{2150E333-8FDC-42A3-9474-1A3956D46DE8}") = "Gateway", "Gateway", "{D97FA152-E5DA-4750-A68F-1C6E8C138585}"
EndProject
Project("{2150E333-8FDC-42A3-9474-1A3956D46DE8}") = "Integration", "Integration", "{A9828EC0-8E7F-4D94-AD06-575632405713}"
EndProject
Project("{2150E333-8FDC-42A3-9474-1A3956D46DE8}") = "Services", "Services", "{FD5A1B0C-387F-4114-8277-A23783B1E401}"
EndProject
Project("{9A19103F-16F7-4668-BE54-9A1E7A4F7556}") = "FoodDelivery.Services.AuthAPI", "FoodDelivery.Services.AuthAPI\FoodDelivery.Services.AuthAPI.csproj", "{264200AA-488D-4038-99C8-39B1FCE38188}"
EndProject
Project("{9A19103F-16F7-4668-BE54-9A1E7A4F7556}") = "FoodDelivery.Services.CouponAPI", "FoodDelivery.Services.CouponAPI\FoodDelivery.Services.CouponAPI.csproj", "{CE7640F8-4314-4BAE-991D-D2125E4E5C57}"
EndProject
Project("{9A19103F-16F7-4668-BE54-9A1E7A4F7556}") = "FoodDelivery.Services.EmailAPI", "FoodDelivery.Services.EmailAPI\FoodDelivery.Services.EmailAPI.csproj", "{8CA1A9F8-7BC1-4856-8447-5787B82AF094}"
EndProject
Project("{9A19103F-16F7-4668-BE54-9A1E7A4F7556}") = "FoodDelivery.Services.OrderAPI", "FoodDelivery.Services.OrderAPI\FoodDelivery.Services.OrderAPI.csproj", "{CE397E37-FD8D-476E-9DF9-3257096765C2}"
EndProject
Project("{9A19103F-16F7-4668-BE54-9A1E7A4F7556}") = "FoodDelivery.Services.ProductAPI", "FoodDelivery.Services.ProductAPI\FoodDelivery.Services.ProductAPI.csproj", "{07726E45-DC82-4733-838C-01B2B8B5522E}"
EndProject
Project("{9A19103F-16F7-4668-BE54-9A1E7A4F7556}") = "FoodDelivery.Services.RewardsAPI", "FoodDelivery.Services.RewardsAPI\FoodDelivery.Services.RewardsAPI.csproj", "{0F7AA6D5-F629-4855-9202-876F189B959F}"
EndProject
Project("{9A19103F-16F7-4668-BE54-9A1E7A4F7556}") = "FoodDelivery.Services.ShoppingCartAPI", "FoodDelivery.Services.ShoppingCartAPI\FoodDelivery.Services.ShoppingCartAPI.csproj", "{EE1E9B16-2433-4F95-9E1E-62C06726654D}"
EndProject
Project("{9A19103F-16F7-4668-BE54-9A1E7A4F7556}") = "FoodDelivery.MessageBus", "FoodDelivery.MessageBus\FoodDelivery.MessageBus.csproj", "{97595FC5-74F2-4A72-B99C-4EFCD4BD97C1}"
EndProject
Project("{9A19103F-16F7-4668-BE54-9A1E7A4F7556}") = "FoodDelivery.GatewaySolution", "FoodDelivery.GatewaySolution\FoodDelivery.GatewaySolution.csproj", "{4A63F4C5-376D-4835-81D1-55FB669B3C20}"
EndProject
Project("{9A19103F-16F7-4668-BE54-9A1E7A4F7556}") = "FoodDelivery.Web", "FoodDelivery.Web\FoodDelivery.Web.csproj", "{5D01DBDA-90D9-462D-B056-18B59B64C7E3}"
EndProject
Global
	GlobalSection(SolutionConfigurationPlatforms) = preSolution
		Debug|Any CPU = Debug|Any CPU
		Release|Any CPU = Release|Any CPU
	EndGlobalSection
	GlobalSection(ProjectConfigurationPlatforms) = postSolution
		{264200AA-488D-4038-99C8-39B1FCE38188}.Debug|Any CPU.ActiveCfg = Debug|Any CPU
		{264200AA-488D-4038-99C8-39B1FCE38188}.Debug|Any CPU.Build.0 = Debug|Any CPU
		{264200AA-488D-4038-99C8-39B1FCE38188}.Release|Any CPU.ActiveCfg = Release|Any CPU
		{264200AA-488D-4038-99C8-39B1FCE38188}.Release|Any CPU.Build.0 = Release|Any CPU
		{CE7640F8-4314-4BAE-991D-D2125E4E5C57}.Debug|Any CPU.ActiveCfg = Debug|Any CPU
		{CE7640F8-4314-4BAE-991D-D2125E4E5C57}.Debug|Any CPU.Build.0 = Debug|Any CPU
		{CE7640F8-4314-4BAE-991D-D2125E4E5C57}.Release|Any CPU.ActiveCfg = Release|Any CPU
		{CE7640F8-4314-4BAE-991D-D2125E4E5C57}.Release|Any CPU.Build.0 = Release|Any CPU
		{8CA1A9F8-7BC1-4856-8447-5787B82AF094}.Debug|Any CPU.ActiveCfg = Debug|Any CPU
		{8CA1A9F8-7BC1-4856-8447-5787B82AF094}.Debug|Any CPU.Build.0 = Debug|Any CPU
		{8CA1A9F8-7BC1-4856-8447-5787B82AF094}.Release|Any CPU.ActiveCfg = Release|Any CPU
		{8CA1A9F8-7BC1-4856-8447-5787B82AF094}.Release|Any CPU.Build.0 = Release|Any CPU
		{CE397E37-FD8D-476E-9DF9-3257096765C2}.Debug|Any CPU.ActiveCfg = Debug|Any CPU
		{CE397E37-FD8D-476E-9DF9-3257096765C2}.Debug|Any CPU.Build.0 = Debug|Any CPU
		{CE397E37-FD8D-476E-9DF9-3257096765C2}.Release|Any CPU.ActiveCfg = Release|Any CPU
		{CE397E37-FD8D-476E-9DF9-3257096765C2}.Release|Any CPU.Build.0 = Release|Any CPU
		{07726E45-DC82-4733-838C-01B2B8B5522E}.Debug|Any CPU.ActiveCfg = Debug|Any CPU
		{07726E45-DC82-4733-838C-01B2B8B5522E}.Debug|Any CPU.Build.0 = Debug|Any CPU
		{07726E45-DC82-4733-838C-01B2B8B5522E}.Release|Any CPU.ActiveCfg = Release|Any CPU
		{07726E45-DC82-4733-838C-01B2B8B5522E}.Release|Any CPU.Build.0 = Release|Any CPU
		{0F7AA6D5-F629-4855-9202-876F189B959F}.Debug|Any CPU.ActiveCfg = Debug|Any CPU
		{0F7AA6D5-F629-4855-9202-876F189B959F}.Debug|Any CPU.Build.0 = Debug|Any CPU
		{0F7AA6D5-F629-4855-9202-876F189B959F}.Release|Any CPU.ActiveCfg = Release|Any CPU
		{0F7AA6D5-F629-4855-9202-876F189B959F}.Release|Any CPU.Build.0 = Release|Any CPU
		{EE1E9B16-2433-4F95-9E1E-62C06726654D}.Debug|Any CPU.ActiveCfg = Debug|Any CPU
		{EE1E9B16-2433-4F95-9E1E-62C06726654D}.Debug|Any CPU.Build.0 = Debug|Any CPU
		{EE1E9B16-2433-4F95-9E1E-62C06726654D}.Release|Any CPU.ActiveCfg = Release|Any CPU
		{EE1E9B16-2433-4F95-9E1E-62C06726654D}.Release|Any CPU.Build.0 = Release|Any CPU
		{97595FC5-74F2-4A72-B99C-4EFCD4BD97C1}.Debug|Any CPU.ActiveCfg = Debug|Any CPU
		{97595FC5-74F2-4A72-B99C-4EFCD4BD97C1}.Debug|Any CPU.Build.0 = Debug|Any CPU
		{97595FC5-74F2-4A72-B99C-4EFCD4BD97C1}.Release|Any CPU.ActiveCfg = Release|Any CPU
		{97595FC5-74F2-4A72-B99C-4EFCD4BD97C1}.Release|Any CPU.Build.0 = Release|Any CPU
		{4A63F4C5-376D-4835-81D1-55FB669B3C20}.Debug|Any CPU.ActiveCfg = Debug|Any CPU
		{4A63F4C5-376D-4835-81D1-55FB669B3C20}.Debug|Any CPU.Build.0 = Debug|Any CPU
		{4A63F4C5-376D-4835-81D1-55FB669B3C20}.Release|Any CPU.ActiveCfg = Release|Any CPU
		{4A63F4C5-376D-4835-81D1-55FB669B3C20}.Release|Any CPU.Build.0 = Release|Any CPU
		{5D01DBDA-90D9-462D-B056-18B59B64C7E3}.Debug|Any CPU.ActiveCfg = Debug|Any CPU
		{5D01DBDA-90D9-462D-B056-18B59B64C7E3}.Debug|Any CPU.Build.0 = Debug|Any CPU
		{5D01DBDA-90D9-462D-B056-18B59B64C7E3}.Release|Any CPU.ActiveCfg = Release|Any CPU
		{5D01DBDA-90D9-462D-B056-18B59B64C7E3}.Release|Any CPU.Build.0 = Release|Any CPU
	EndGlobalSection
	GlobalSection(SolutionProperties) = preSolution
		HideSolutionNode = FALSE
	EndGlobalSection
	GlobalSection(NestedProjects) = preSolution
		{264200AA-488D-4038-99C8-39B1FCE38188} = {FD5A1B0C-387F-4114-8277-A23783B1E401}
		{CE7640F8-4314-4BAE-991D-D2125E4E5C57} = {FD5A1B0C-387F-4114-8277-A23783B1E401}
		{8CA1A9F8-7BC1-4856-8447-5787B82AF094} = {FD5A1B0C-387F-4114-8277-A23783B1E401}
		{CE397E37-FD8D-476E-9DF9-3257096765C2} = {FD5A1B0C-387F-4114-8277-A23783B1E401}
		{07726E45-DC82-4733-838C-01B2B8B5522E} = {FD5A1B0C-387F-4114-8277-A23783B1E401}
		{0F7AA6D5-F629-4855-9202-876F189B959F} = {FD5A1B0C-387F-4114-8277-A23783B1E401}
		{EE1E9B16-2433-4F95-9E1E-62C06726654D} = {FD5A1B0C-387F-4114-8277-A23783B1E401}
		{97595FC5-74F2-4A72-B99C-4EFCD4BD97C1} = {A9828EC0-8E7F-4D94-AD06-575632405713}
		{4A63F4C5-376D-4835-81D1-55FB669B3C20} = {D97FA152-E5DA-4750-A68F-1C6E8C138585}
		{5D01DBDA-90D9-462D-B056-18B59B64C7E3} = {411C7943-AE5D-4A78-93B9-FD7BD9E7F4D2}
	EndGlobalSection
	GlobalSection(ExtensibilityGlobals) = postSolution
		SolutionGuid = {CF8AA48A-4C55-4855-910B-1469F96B7DDB}
	EndGlobalSection
EndGlobal
